<?xml version="1.0" encoding="utf-8"?>
<Project ToolsVersion="4.0" xmlns="http://schemas.microsoft.com/developer/msbuild/2003">
  <ItemGroup>
    <Filter Include="Source Files">
      <UniqueIdentifier>{4FC737F1-C7A5-4376-A066-2A32D752A2FF}</UniqueIdentifier>
      <Extensions>cpp;c;cc;cxx;c++;cppm;ixx;def;odl;idl;hpj;bat;asm;asmx</Extensions>
    </Filter>
    <Filter Include="Header Files">
      <UniqueIdentifier>{93995380-89BD-4b04-88EB-625FBE52EBFB}</UniqueIdentifier>
      <Extensions>h;hh;hpp;hxx;h++;hm;inl;inc;ipp;xsd</Extensions>
    </Filter>
    <Filter Include="Resource Files">
      <UniqueIdentifier>{67DA6AB6-F800-4c08-8B7A-83BB121AAD01}</UniqueIdentifier>
      <Extensions>rc;ico;cur;bmp;dlg;rc2;rct;bin;rgs;gif;jpg;jpeg;jpe;resx;tiff;tif;png;wav;mfcribbon-ms</Extensions>
    </Filter>
    <Filter Include="ImGui">
      <UniqueIdentifier>{a0440ce9-4ab9-487d-a76c-3b3ed2692dd7}</UniqueIdentifier>
    </Filter>
    <Filter Include="Shaders">
      <UniqueIdentifier>{1266826f-ff0e-433e-9bcb-20c2dcae5e38}</UniqueIdentifier>
    </Filter>
    <Filter Include="Objects">
      <UniqueIdentifier>{a2c63542-527a-456d-ac06-5db76131c61a}</UniqueIdentifier>
    </Filter>
    <Filter Include="Singletons">
      <UniqueIdentifier>{7d343816-14b0-4dad-901f-b46890103b77}</UniqueIdentifier>
    </Filter>
    <Filter Include="VulkanUtility">
      <UniqueIdentifier>{961b8fa8-7b82-45b9-9599-a1e83722752e}</UniqueIdentifier>
    </Filter>
    <Filter Include="Apps">
      <UniqueIdentifier>{645c491d-f7df-4c55-bb2b-a00c2e2d05e3}</UniqueIdentifier>
    </Filter>
    <Filter Include="OldUnifiedRenderers">
      <UniqueIdentifier>{4967dc17-8c04-4023-97c5-fd7d9bcde20f}</UniqueIdentifier>
    </Filter>
    <Filter Include="Renderers">
      <UniqueIdentifier>{d1ce187f-893b-4372-b48a-80c804d42592}</UniqueIdentifier>
    </Filter>
    <Filter Include="Renderers\Pipelines">
      <UniqueIdentifier>{ae40ada1-6957-42e1-a63a-6872efdca02a}</UniqueIdentifier>
    </Filter>
    <Filter Include="Renderers\Passes">
      <UniqueIdentifier>{385d94df-0d54-4571-a8e6-f31ca0b3a652}</UniqueIdentifier>
    </Filter>
  </ItemGroup>
  <ItemGroup>
    <ClInclude Include="PCH.h">
      <Filter>Header Files</Filter>
    </ClInclude>
    <ClInclude Include="HandmadeMath.h">
      <Filter>Header Files</Filter>
    </ClInclude>
    <ClInclude Include="imconfig.h">
      <Filter>ImGui</Filter>
    </ClInclude>
    <ClInclude Include="imgui.h">
      <Filter>ImGui</Filter>
    </ClInclude>
    <ClInclude Include="imgui_impl_vulkan.h">
      <Filter>ImGui</Filter>
    </ClInclude>
    <ClInclude Include="imgui_impl_win32.h">
      <Filter>ImGui</Filter>
    </ClInclude>
    <ClInclude Include="imgui_internal.h">
      <Filter>ImGui</Filter>
    </ClInclude>
    <ClInclude Include="imstb_rectpack.h">
      <Filter>ImGui</Filter>
    </ClInclude>
    <ClInclude Include="imstb_textedit.h">
      <Filter>ImGui</Filter>
    </ClInclude>
    <ClInclude Include="imstb_truetype.h">
      <Filter>ImGui</Filter>
    </ClInclude>
    <ClInclude Include="BufferStructs.h">
      <Filter>Header Files</Filter>
    </ClInclude>
    <ClInclude Include="json.hpp">
      <Filter>Header Files</Filter>
    </ClInclude>
    <ClInclude Include="PointRenderPipeline.h">
      <Filter>OldUnifiedRenderers</Filter>
    </ClInclude>
    <ClInclude Include="MeshRenderer.h">
      <Filter>OldUnifiedRenderers</Filter>
    </ClInclude>
    <ClInclude Include="ImGuiBlankRenderPass.h">
      <Filter>OldUnifiedRenderers</Filter>
    </ClInclude>
    <ClInclude Include="DebugPointRenderer.h">
      <Filter>OldUnifiedRenderers</Filter>
    </ClInclude>
    <ClInclude Include="TriListMesh.h">
      <Filter>Objects</Filter>
    </ClInclude>
    <ClInclude Include="Transform.h">
      <Filter>Objects</Filter>
    </ClInclude>
    <ClInclude Include="Light.h">
      <Filter>Objects</Filter>
    </ClInclude>
    <ClInclude Include="PointMesh.h">
      <Filter>Objects</Filter>
    </ClInclude>
    <ClInclude Include="PointTreeMesh.h">
      <Filter>Objects</Filter>
    </ClInclude>
    <ClInclude Include="Clock.h">
      <Filter>Singletons</Filter>
    </ClInclude>
    <ClInclude Include="Graphics.h">
      <Filter>Singletons</Filter>
    </ClInclude>
    <ClInclude Include="Input.h">
      <Filter>Singletons</Filter>
    </ClInclude>
    <ClInclude Include="VulkanUtility.h">
      <Filter>VulkanUtility</Filter>
    </ClInclude>
    <ClInclude Include="VulkanDescriptor.h">
      <Filter>VulkanUtility</Filter>
    </ClInclude>
    <ClInclude Include="VulkanMemoryAllocator.h">
      <Filter>VulkanUtility</Filter>
    </ClInclude>
    <ClInclude Include="VulkanSetup.h">
      <Filter>VulkanUtility</Filter>
    </ClInclude>
    <ClInclude Include="Image.h">
      <Filter>VulkanUtility</Filter>
    </ClInclude>
    <ClInclude Include="App.h">
      <Filter>Apps</Filter>
    </ClInclude>
    <ClInclude Include="GeneratorApp.h">
      <Filter>Apps</Filter>
    </ClInclude>
    <ClInclude Include="MainDisplayApp.h">
      <Filter>Apps</Filter>
    </ClInclude>
    <ClInclude Include="InstancedTreeRenderPass.h">
      <Filter>Renderers\Passes</Filter>
    </ClInclude>
    <ClInclude Include="PointsToGBuffer_GP.h">
      <Filter>Renderers\Pipelines</Filter>
    </ClInclude>
    <ClInclude Include="GBufferToOutput_GP.h">
      <Filter>Header Files</Filter>
    </ClInclude>
    <ClInclude Include="MeshTraditionalToGBuffer_GP.h">
      <Filter>Header Files</Filter>
    </ClInclude>
    <ClInclude Include="InstancedWCPHelper.h">
      <Filter>Header Files</Filter>
    </ClInclude>
    <ClInclude Include="PointsToGBufferMeshShade_GP.h">
      <Filter>Header Files</Filter>
    </ClInclude>
  </ItemGroup>
  <ItemGroup>
    <ClCompile Include="PCH.cpp">
      <Filter>Source Files</Filter>
    </ClCompile>
    <ClCompile Include="OLDentry.cpp">
      <Filter>Source Files</Filter>
    </ClCompile>
    <ClCompile Include="GraphicsInitialize.cpp">
      <Filter>Source Files</Filter>
    </ClCompile>
    <ClCompile Include="imgui.cpp">
      <Filter>ImGui</Filter>
    </ClCompile>
    <ClCompile Include="imgui_demo.cpp">
      <Filter>ImGui</Filter>
    </ClCompile>
    <ClCompile Include="imgui_draw.cpp">
      <Filter>ImGui</Filter>
    </ClCompile>
    <ClCompile Include="imgui_impl_vulkan.cpp">
      <Filter>ImGui</Filter>
    </ClCompile>
    <ClCompile Include="imgui_impl_win32.cpp">
      <Filter>ImGui</Filter>
    </ClCompile>
    <ClCompile Include="imgui_tables.cpp">
      <Filter>ImGui</Filter>
    </ClCompile>
    <ClCompile Include="imgui_widgets.cpp">
      <Filter>ImGui</Filter>
    </ClCompile>
    <ClCompile Include="entry.cpp">
      <Filter>Source Files</Filter>
    </ClCompile>
    <ClCompile Include="PointRenderPipeline.cpp">
      <Filter>OldUnifiedRenderers</Filter>
    </ClCompile>
    <ClCompile Include="MeshRenderer.cpp">
      <Filter>OldUnifiedRenderers</Filter>
    </ClCompile>
    <ClCompile Include="ImGuiBlankRenderPass.cpp">
      <Filter>OldUnifiedRenderers</Filter>
    </ClCompile>
    <ClCompile Include="DebugPointRenderer.cpp">
      <Filter>OldUnifiedRenderers</Filter>
    </ClCompile>
    <ClCompile Include="Light.cpp">
      <Filter>Objects</Filter>
    </ClCompile>
    <ClCompile Include="PointMesh.cpp">
      <Filter>Objects</Filter>
    </ClCompile>
    <ClCompile Include="PointTreeMesh.cpp">
      <Filter>Objects</Filter>
    </ClCompile>
    <ClCompile Include="Transform.cpp">
      <Filter>Objects</Filter>
    </ClCompile>
    <ClCompile Include="TriListMesh.cpp">
      <Filter>Objects</Filter>
    </ClCompile>
    <ClCompile Include="Input.cpp">
      <Filter>Singletons</Filter>
    </ClCompile>
    <ClCompile Include="Clock.cpp">
      <Filter>Singletons</Filter>
    </ClCompile>
    <ClCompile Include="Graphics.cpp">
      <Filter>Singletons</Filter>
    </ClCompile>
    <ClCompile Include="VulkanDescriptor.cpp">
      <Filter>VulkanUtility</Filter>
    </ClCompile>
    <ClCompile Include="VulkanMemoryAllocator.cpp">
      <Filter>VulkanUtility</Filter>
    </ClCompile>
    <ClCompile Include="VulkanSetup.cpp">
      <Filter>VulkanUtility</Filter>
    </ClCompile>
    <ClCompile Include="VulkanUtility.cpp">
      <Filter>VulkanUtility</Filter>
    </ClCompile>
    <ClCompile Include="Image.cpp">
      <Filter>VulkanUtility</Filter>
    </ClCompile>
    <ClCompile Include="App.cpp">
      <Filter>Apps</Filter>
    </ClCompile>
    <ClCompile Include="GeneratorApp.cpp">
      <Filter>Apps</Filter>
    </ClCompile>
    <ClCompile Include="MainDisplayApp.cpp">
      <Filter>Apps</Filter>
    </ClCompile>
    <ClCompile Include="InstancedTreeRenderPass.cpp">
      <Filter>Renderers\Passes</Filter>
    </ClCompile>
    <ClCompile Include="PointsToGBuffer_GP.cpp">
      <Filter>Renderers\Pipelines</Filter>
    </ClCompile>
    <ClCompile Include="GBufferToOutput_GP.cpp">
      <Filter>Source Files</Filter>
    </ClCompile>
    <ClCompile Include="MeshTraditionalToGBuffer_GP.cpp">
      <Filter>Source Files</Filter>
    </ClCompile>
    <ClCompile Include="InstancedWCPHelper.cpp">
      <Filter>Source Files</Filter>
    </ClCompile>
    <ClCompile Include="PointsToGBufferMeshShade_GP.cpp">
      <Filter>Source Files</Filter>
    </ClCompile>
  </ItemGroup>
  <ItemGroup>
    <None Include="CompileAllShaders.bat">
      <Filter>Shaders</Filter>
    </None>
    <None Include="PointFragment.frag">
      <Filter>Shaders</Filter>
    </None>
    <None Include="MeshVertex.vert">
      <Filter>Shaders</Filter>
    </None>
    <None Include="PointVertex.vert">
      <Filter>Shaders</Filter>
    </None>
    <None Include="MeshFragment.frag">
      <Filter>Shaders</Filter>
    </None>
    <None Include="DeferedQuad.vert">
      <Filter>Shaders</Filter>
    </None>
    <None Include="DeferedPoint.frag">
      <Filter>Shaders</Filter>
    </None>
    <None Include="DeferedTree.frag">
      <Filter>Shaders</Filter>
    </None>
    <None Include="InstancePointVertex.vert">
      <Filter>Shaders</Filter>
    </None>
    <None Include="DeferredMesh.frag">
      <Filter>Shaders</Filter>
    </None>
    <None Include="InstancePointMesh.mesh">
      <Filter>Shaders</Filter>
    </None>
  </ItemGroup>
</Project>